// !$*UTF8*$!
{
	archiveVersion = 1;
	classes = {
	};
	objectVersion = 50;
	objects = {

/* Begin PBXBuildFile section */
		A44B738E23F588C10096D403 /* AppDelegate.swift in Sources */ = {isa = PBXBuildFile; fileRef = A44B738D23F588C10096D403 /* AppDelegate.swift */; };
		A44B739023F588C10096D403 /* art.scnassets in Resources */ = {isa = PBXBuildFile; fileRef = A44B738F23F588C10096D403 /* art.scnassets */; };
		A44B739223F588C10096D403 /* RampPlacerVC.swift in Sources */ = {isa = PBXBuildFile; fileRef = A44B739123F588C10096D403 /* RampPlacerVC.swift */; };
		A44B739523F588C10096D403 /* Main.storyboard in Resources */ = {isa = PBXBuildFile; fileRef = A44B739323F588C10096D403 /* Main.storyboard */; };
		A44B739723F588C30096D403 /* Assets.xcassets in Resources */ = {isa = PBXBuildFile; fileRef = A44B739623F588C30096D403 /* Assets.xcassets */; };
		A44B739A23F588C30096D403 /* LaunchScreen.storyboard in Resources */ = {isa = PBXBuildFile; fileRef = A44B739823F588C30096D403 /* LaunchScreen.storyboard */; };
/* End PBXBuildFile section */

/* Begin PBXFileReference section */
		A44B738A23F588C10096D403 /* RampUp.app */ = {isa = PBXFileReference; explicitFileType = wrapper.application; includeInIndex = 0; path = RampUp.app; sourceTree = BUILT_PRODUCTS_DIR; };
		A44B738D23F588C10096D403 /* AppDelegate.swift */ = {isa = PBXFileReference; lastKnownFileType = sourcecode.swift; path = AppDelegate.swift; sourceTree = "<group>"; };
		A44B738F23F588C10096D403 /* art.scnassets */ = {isa = PBXFileReference; lastKnownFileType = wrapper.scnassets; path = art.scnassets; sourceTree = "<group>"; };
		A44B739123F588C10096D403 /* RampPlacerVC.swift */ = {isa = PBXFileReference; lastKnownFileType = sourcecode.swift; path = RampPlacerVC.swift; sourceTree = "<group>"; };
		A44B739423F588C10096D403 /* Base */ = {isa = PBXFileReference; lastKnownFileType = file.storyboard; name = Base; path = Base.lproj/Main.storyboard; sourceTree = "<group>"; };
		A44B739623F588C30096D403 /* Assets.xcassets */ = {isa = PBXFileReference; lastKnownFileType = folder.assetcatalog; path = Assets.xcassets; sourceTree = "<group>"; };
		A44B739923F588C30096D403 /* Base */ = {isa = PBXFileReference; lastKnownFileType = file.storyboard; name = Base; path = Base.lproj/LaunchScreen.storyboard; sourceTree = "<group>"; };
		A44B739B23F588C30096D403 /* Info.plist */ = {isa = PBXFileReference; lastKnownFileType = text.plist.xml; path = Info.plist; sourceTree = "<group>"; };
/* End PBXFileReference section */

/* Begin PBXFrameworksBuildPhase section */
		A44B738723F588C10096D403 /* Frameworks */ = {
			isa = PBXFrameworksBuildPhase;
			buildActionMask = 2147483647;
			files = (
			);
			runOnlyForDeploymentPostprocessing = 0;
		};
/* End PBXFrameworksBuildPhase section */

/* Begin PBXGroup section */
		A44B738123F588C10096D403 = {
			isa = PBXGroup;
			children = (
				A44B738C23F588C10096D403 /* RampUp */,
				A44B738B23F588C10096D403 /* Products */,
			);
			sourceTree = "<group>";
		};
		A44B738B23F588C10096D403 /* Products */ = {
			isa = PBXGroup;
			children = (
				A44B738A23F588C10096D403 /* RampUp.app */,
			);
			name = Products;
			sourceTree = "<group>";
		};
		A44B738C23F588C10096D403 /* RampUp */ = {
			isa = PBXGroup;
			children = (
				A44B73A123F58A360096D403 /* Controller */,
				A44B738D23F588C10096D403 /* AppDelegate.swift */,
				A44B738F23F588C10096D403 /* art.scnassets */,
				A44B739323F588C10096D403 /* Main.storyboard */,
				A44B739623F588C30096D403 /* Assets.xcassets */,
				A44B739823F588C30096D403 /* LaunchScreen.storyboard */,
				A44B739B23F588C30096D403 /* Info.plist */,
			);
			path = RampUp;
			sourceTree = "<group>";
		};
		A44B73A123F58A360096D403 /* Controller */ = {
			isa = PBXGroup;
			children = (
				A44B739123F588C10096D403 /* RampPlacerVC.swift */,
			);
			path = Controller;
			sourceTree = "<group>";
		};
/* End PBXGroup section */

/* Begin PBXNativeTarget section */
		A44B738923F588C10096D403 /* RampUp */ = {
			isa = PBXNativeTarget;
			buildConfigurationList = A44B739E23F588C30096D403 /* Build configuration list for PBXNativeTarget "RampUp" */;
			buildPhases = (
				A44B738623F588C10096D403 /* Sources */,
				A44B738723F588C10096D403 /* Frameworks */,
				A44B738823F588C10096D403 /* Resources */,
			);
			buildRules = (
			);
			dependencies = (
			);
			name = RampUp;
			productName = RampUp;
			productReference = A44B738A23F588C10096D403 /* RampUp.app */;
			productType = "com.apple.product-type.application";
		};
/* End PBXNativeTarget section */

/* Begin PBXProject section */
		A44B738223F588C10096D403 /* Project object */ = {
			isa = PBXProject;
			attributes = {
				LastSwiftUpdateCheck = 1130;
				LastUpgradeCheck = 1130;
				ORGANIZATIONNAME = "Juan Luque";
				TargetAttributes = {
					A44B738923F588C10096D403 = {
						CreatedOnToolsVersion = 11.3.1;
					};
				};
			};
			buildConfigurationList = A44B738523F588C10096D403 /* Build configuration list for PBXProject "RampUp" */;
			compatibilityVersion = "Xcode 9.3";
			developmentRegion = en;
			hasScannedForEncodings = 0;
			knownRegions = (
				en,
				Base,
			);
			mainGroup = A44B738123F588C10096D403;
			productRefGroup = A44B738B23F588C10096D403 /* Products */;
			projectDirPath = "";
			projectRoot = "";
			targets = (
				A44B738923F588C10096D403 /* RampUp */,
			);
		};
/* End PBXProject section */

/* Begin PBXResourcesBuildPhase section */
		A44B738823F588C10096D403 /* Resources */ = {
			isa = PBXResourcesBuildPhase;
			buildActionMask = 2147483647;
			files = (
				A44B739023F588C10096D403 /* art.scnassets in Resources */,
				A44B739A23F588C30096D403 /* LaunchScreen.storyboard in Resources */,
				A44B739723F588C30096D403 /* Assets.xcassets in Resources */,
				A44B739523F588C10096D403 /* Main.storyboard in Resources */,
			);
			runOnlyForDeploymentPostprocessing = 0;
		};
/* End PBXResourcesBuildPhase section */

/* Begin PBXSourcesBuildPhase section */
		A44B738623F588C10096D403 /* Sources */ = {
			isa = PBXSourcesBuildPhase;
			buildActionMask = 2147483647;
			files = (
				A44B739223F588C10096D403 /* RampPlacerVC.swift in Sources */,
				A44B738E23F588C10096D403 /* AppDelegate.swift in Sources */,
			);
			runOnlyForDeploymentPostprocessing = 0;
		};
/* End PBXSourcesBuildPhase section */

/* Begin PBXVariantGroup section */
		A44B739323F588C10096D403 /* Main.storyboard */ = {
			isa = PBXVariantGroup;
			children = (
				A44B739423F588C10096D403 /* Base */,
			);
			name = Main.storyboard;
			sourceTree = "<group>";
		};
		A44B739823F588C30096D403 /* LaunchScreen.storyboard */ = {
			isa = PBXVariantGroup;
			children = (
				A44B739923F588C30096D403 /* Base */,
			);
			name = LaunchScreen.storyboard;
			sourceTree = "<group>";
		};
/* End PBXVariantGroup section */

/* Begin XCBuildConfiguration section */
		A44B739C23F588C30096D403 /* Debug */ = {
			isa = XCBuildConfiguration;
			buildSettings = {
				ALWAYS_SEARCH_USER_PATHS = NO;
				CLANG_ANALYZER_NONNULL = YES;
				CLANG_ANALYZER_NUMBER_OBJECT_CONVERSION = YES_AGGRESSIVE;
				CLANG_CXX_LANGUAGE_STANDARD = "gnu++14";
				CLANG_CXX_LIBRARY = "libc++";
				CLANG_ENABLE_MODULES = YES;
				CLANG_ENABLE_OBJC_ARC = YES;
				CLANG_ENABLE_OBJC_WEAK = YES;
				CLANG_WARN_BLOCK_CAPTURE_AUTORELEASING = YES;
				CLANG_WARN_BOOL_CONVERSION = YES;
				CLANG_WARN_COMMA = YES;
				CLANG_WARN_CONSTANT_CONVERSION = YES;
				CLANG_WARN_DEPRECATED_OBJC_IMPLEMENTATIONS = YES;
				CLANG_WARN_DIRECT_OBJC_ISA_USAGE = YES_ERROR;
				CLANG_WARN_DOCUMENTATION_COMMENTS = YES;
				CLANG_WARN_EMPTY_BODY = YES;
				CLANG_WARN_ENUM_CONVERSION = YES;
				CLANG_WARN_INFINITE_RECURSION = YES;
				CLANG_WARN_INT_CONVERSION = YES;
				CLANG_WARN_NON_LITERAL_NULL_CONVERSION = YES;
				CLANG_WARN_OBJC_IMPLICIT_RETAIN_SELF = YES;
				CLANG_WARN_OBJC_LITERAL_CONVERSION = YES;
				CLANG_WARN_OBJC_ROOT_CLASS = YES_ERROR;
				CLANG_WARN_RANGE_LOOP_ANALYSIS = YES;
				CLANG_WARN_STRICT_PROTOTYPES = YES;
				CLANG_WARN_SUSPICIOUS_MOVE = YES;
				CLANG_WARN_UNGUARDED_AVAILABILITY = YES_AGGRESSIVE;
				CLANG_WARN_UNREACHABLE_CODE = YES;
				CLANG_WARN__DUPLICATE_METHOD_MATCH = YES;
				COPY_PHASE_STRIP = NO;
				DEBUG_INFORMATION_FORMAT = dwarf;
				ENABLE_STRICT_OBJC_MSGSEND = YES;
				ENABLE_TESTABILITY = YES;
				GCC_C_LANGUAGE_STANDARD = gnu11;
				GCC_DYNAMIC_NO_PIC = NO;
				GCC_NO_COMMON_BLOCKS = YES;
				GCC_OPTIMIZATION_LEVEL = 0;
				GCC_PREPROCESSOR_DEFINITIONS = (
					"DEBUG=1",
					"$(inherited)",
				);
				GCC_WARN_64_TO_32_BIT_CONVERSION = YES;
				GCC_WARN_ABOUT_RETURN_TYPE = YES_ERROR;
				GCC_WARN_UNDECLARED_SELECTOR = YES;
				GCC_WARN_UNINITIALIZED_AUTOS = YES_AGGRESSIVE;
				GCC_WARN_UNUSED_FUNCTION = YES;
				GCC_WARN_UNUSED_VARIABLE = YES;
				IPHONEOS_DEPLOYMENT_TARGET = 13.2;
				MTL_ENABLE_DEBUG_INFO = INCLUDE_SOURCE;
				MTL_FAST_MATH = YES;
				ONLY_ACTIVE_ARCH = YES;
				SDKROOT = iphoneos;
				SWIFT_ACTIVE_COMPILATION_CONDITIONS = DEBUG;
				SWIFT_OPTIMIZATION_LEVEL = "-Onone";
			};
			name = Debug;
		};
		A44B739D23F588C30096D403 /* Release */ = {
			isa = XCBuildConfiguration;
			buildSettings = {
				ALWAYS_SEARCH_USER_PATHS = NO;
				CLANG_ANALYZER_NONNULL = YES;
				CLANG_ANALYZER_NUMBER_OBJECT_CONVERSION = YES_AGGRESSIVE;
				CLANG_CXX_LANGUAGE_STANDARD = "gnu++14";
				CLANG_CXX_LIBRARY = "libc++";
				CLANG_ENABLE_MODULES = YES;
				CLANG_ENABLE_OBJC_ARC = YES;
				CLANG_ENABLE_OBJC_WEAK = YES;
				CLANG_WARN_BLOCK_CAPTURE_AUTORELEASING = YES;
				CLANG_WARN_BOOL_CONVERSION = YES;
				CLANG_WARN_COMMA = YES;
				CLANG_WARN_CONSTANT_CONVERSION = YES;
				CLANG_WARN_DEPRECATED_OBJC_IMPLEMENTATIONS = YES;
				CLANG_WARN_DIRECT_OBJC_ISA_USAGE = YES_ERROR;
				CLANG_WARN_DOCUMENTATION_COMMENTS = YES;
				CLANG_WARN_EMPTY_BODY = YES;
				CLANG_WARN_ENUM_CONVERSION = YES;
				CLANG_WARN_INFINITE_RECURSION = YES;
				CLANG_WARN_INT_CONVERSION = YES;
				CLANG_WARN_NON_LITERAL_NULL_CONVERSION = YES;
				CLANG_WARN_OBJC_IMPLICIT_RETAIN_SELF = YES;
				CLANG_WARN_OBJC_LITERAL_CONVERSION = YES;
				CLANG_WARN_OBJC_ROOT_CLASS = YES_ERROR;
				CLANG_WARN_RANGE_LOOP_ANALYSIS = YES;
				CLANG_WARN_STRICT_PROTOTYPES = YES;
				CLANG_WARN_SUSPICIOUS_MOVE = YES;
				CLANG_WARN_UNGUARDED_AVAILABILITY = YES_AGGRESSIVE;
				CLANG_WARN_UNREACHABLE_CODE = YES;
				CLANG_WARN__DUPLICATE_METHOD_MATCH = YES;
				COPY_PHASE_STRIP = NO;
				DEBUG_INFORMATION_FORMAT = "dwarf-with-dsym";
				ENABLE_NS_ASSERTIONS = NO;
				ENABLE_STRICT_OBJC_MSGSEND = YES;
				GCC_C_LANGUAGE_STANDARD = gnu11;
				GCC_NO_COMMON_BLOCKS = YES;
				GCC_WARN_64_TO_32_BIT_CONVERSION = YES;
				GCC_WARN_ABOUT_RETURN_TYPE = YES_ERROR;
				GCC_WARN_UNDECLARED_SELECTOR = YES;
				GCC_WARN_UNINITIALIZED_AUTOS = YES_AGGRESSIVE;
				GCC_WARN_UNUSED_FUNCTION = YES;
				GCC_WARN_UNUSED_VARIABLE = YES;
				IPHONEOS_DEPLOYMENT_TARGET = 13.2;
				MTL_ENABLE_DEBUG_INFO = NO;
				MTL_FAST_MATH = YES;
				SDKROOT = iphoneos;
				SWIFT_COMPILATION_MODE = wholemodule;
				SWIFT_OPTIMIZATION_LEVEL = "-O";
				VALIDATE_PRODUCT = YES;
			};
			name = Release;
		};
		A44B739F23F588C30096D403 /* Debug */ = {
			isa = XCBuildConfiguration;
			buildSettings = {
				ASSETCATALOG_COMPILER_APPICON_NAME = AppIcon;
				CODE_SIGN_STYLE = Automatic;
				DEVELOPMENT_TEAM = X25CAQ67TT;
				INFOPLIST_FILE = RampUp/Info.plist;
				LD_RUNPATH_SEARCH_PATHS = (
					"$(inherited)",
					"@executable_path/Frameworks",
				);
				PRODUCT_BUNDLE_IDENTIFIER = com.just.jukess.RampUp;
				PRODUCT_NAME = "$(TARGET_NAME)";
				SWIFT_VERSION = 5.0;
				TARGETED_DEVICE_FAMILY = "1,2";
			};
			name = Debug;
		};
		A44B73A023F588C30096D403 /* Release */ = {
			isa = XCBuildConfiguration;
			buildSettings = {
				ASSETCATALOG_COMPILER_APPICON_NAME = AppIcon;
				CODE_SIGN_STYLE = Automatic;
				DEVELOPMENT_TEAM = X25CAQ67TT;
				INFOPLIST_FILE = RampUp/Info.plist;
				LD_RUNPATH_SEARCH_PATHS = (
					"$(inherited)",
					"@executable_path/Frameworks",
				);
				PRODUCT_BUNDLE_IDENTIFIER = com.just.jukess.RampUp;
				PRODUCT_NAME = "$(TARGET_NAME)";
				SWIFT_VERSION = 5.0;
				TARGETED_DEVICE_FAMILY = "1,2";
			};
			name = Release;
		};
/* End XCBuildConfiguration section */

/* Begin XCConfigurationList section */
		A44B738523F588C10096D403 /* Build configuration list for PBXProject "RampUp" */ = {
			isa = XCConfigurationList;
			buildConfigurations = (
				A44B739C23F588C30096D403 /* Debug */,
				A44B739D23F588C30096D403 /* Release */,
			);
			defaultConfigurationIsVisible = 0;
			defaultConfigurationName = Release;
		};
		A44B739E23F588C30096D403 /* Build configuration list for PBXNativeTarget "RampUp" */ = {
			isa = XCConfigurationList;
			buildConfigurations = (
				A44B739F23F588C30096D403 /* Debug */,
				A44B73A023F588C30096D403 /* Release */,
			);
			defaultConfigurationIsVisible = 0;
			defaultConfigurationName = Release;
		};
/* End XCConfigurationList section */
	};
	rootObject = A44B738223F588C10096D403 /* Project object */;
}
